{
  "name": "@mcf/constants",
  "version": "0.0.22",
  "lockfileVersion": 1,
  "requires": true,
  "dependencies": {
    "case": {
      "version": "1.6.2",
      "resolved": "https://registry.npmjs.org/case/-/case-1.6.2.tgz",
      "integrity": "sha512-ll380ZRoraT7mUK2G92UbH+FJVD5AwdVIAYk9xhV1tauh0carDgYByUD1HhjCWsWgxrfQvCeHvtfj7IYR6TKeg=="
    }
  }
}
