{
	"name": "@mcf/server-boilerplate-middleware",
	"version": "0.8.5",
	"lockfileVersion": 1,
	"requires": true,
	"dependencies": {
		"accepts": {
			"version": "1.3.5",
			"resolved": "https://registry.npmjs.org/accepts/-/accepts-1.3.5.tgz",
			"integrity": "sha1-63d99gEXI6OxTopywIBcjoZ0a9I=",
			"requires": {
				"mime-types": "~2.1.18",
				"negotiator": "0.6.1"
			}
		},
		"basic-auth": {
			"version": "2.0.0",
			"resolved": "https://registry.npmjs.org/basic-auth/-/basic-auth-2.0.0.tgz",
			"integrity": "sha1-AV2z81PgLlY3d1X5YnQuiYHnu7o=",
			"requires": {
				"safe-buffer": "5.1.1"
			}
		},
		"bintrees": {
			"version": "1.0.1",
			"resolved": "https://registry.npmjs.org/bintrees/-/bintrees-1.0.1.tgz",
			"integrity": "sha1-DmVcm5wkNeqraL9AJyJtK1WjRSQ="
		},
		"body-parser": {
			"version": "1.18.3",
			"resolved": "https://registry.npmjs.org/body-parser/-/body-parser-1.18.3.tgz",
			"integrity": "sha1-WykhmP/dVTs6DyDe0FkrlWlVyLQ=",
			"requires": {
				"bytes": "3.0.0",
				"content-type": "~1.0.4",
				"debug": "2.6.9",
				"depd": "~1.1.2",
				"http-errors": "~1.6.3",
				"iconv-lite": "0.4.23",
				"on-finished": "~2.3.0",
				"qs": "6.5.2",
				"raw-body": "2.3.3",
				"type-is": "~1.6.16"
			},
			"dependencies": {
				"iconv-lite": {
					"version": "0.4.23",
					"resolved": "https://registry.npmjs.org/iconv-lite/-/iconv-lite-0.4.23.tgz",
					"integrity": "sha512-neyTUVFtahjf0mB3dZT77u+8O0QB89jFdnBkd5P1JgYPbPaia3gXXOVL2fq8VyU2gMMD7SaN7QukTB/pmXYvDA==",
					"requires": {
						"safer-buffer": ">= 2.1.2 < 3"
					}
				},
				"qs": {
					"version": "6.5.2",
					"resolved": "https://registry.npmjs.org/qs/-/qs-6.5.2.tgz",
					"integrity": "sha512-N5ZAX4/LxJmF+7wN74pUD6qAh9/wnvdQcjq9TZjevvXzSUo7bfmw91saqMjzGS2xq91/odN2dW/WOl7qQHNDGA=="
				}
			}
		},
		"bytes": {
			"version": "3.0.0",
			"resolved": "https://registry.npmjs.org/bytes/-/bytes-3.0.0.tgz",
			"integrity": "sha1-0ygVQE1olpn4Wk6k+odV3ROpYEg="
		},
		"camelize": {
			"version": "1.0.0",
			"resolved": "https://registry.npmjs.org/camelize/-/camelize-1.0.0.tgz",
			"integrity": "sha1-FkpUg+Yw+kMh5a8HAg5TGDGyYJs="
		},
		"case": {
			"version": "1.5.5",
			"resolved": "https://registry.npmjs.org/case/-/case-1.5.5.tgz",
			"integrity": "sha512-tQm8bxc8L9Dk/6FGhtBtV89rrRzqytUbdLqGZxmGwYKqeAD0VmLc8kYSqm0GXOTsf9r1tc0bzq+CDLqtrjiuHw=="
		},
		"compressible": {
			"version": "2.0.14",
			"resolved": "https://registry.npmjs.org/compressible/-/compressible-2.0.14.tgz",
			"integrity": "sha1-MmxfUH+7BV9UEWeCuWmoG2einac=",
			"requires": {
				"mime-db": ">= 1.34.0 < 2"
			},
			"dependencies": {
				"mime-db": {
					"version": "1.34.0",
					"resolved": "https://registry.npmjs.org/mime-db/-/mime-db-1.34.0.tgz",
					"integrity": "sha1-RS0Oz/XDA0am3B5kseruDTcZ/5o="
				}
			}
		},
		"compression": {
			"version": "1.7.2",
			"resolved": "http://registry.npmjs.org/compression/-/compression-1.7.2.tgz",
			"integrity": "sha1-qv+81qr4VLROuygDU9WtFlH1mmk=",
			"requires": {
				"accepts": "~1.3.4",
				"bytes": "3.0.0",
				"compressible": "~2.0.13",
				"debug": "2.6.9",
				"on-headers": "~1.0.1",
				"safe-buffer": "5.1.1",
				"vary": "~1.1.2"
			}
		},
		"content-security-policy-builder": {
			"version": "2.0.0",
			"resolved": "https://registry.npmjs.org/content-security-policy-builder/-/content-security-policy-builder-2.0.0.tgz",
			"integrity": "sha512-j+Nhmj1yfZAikJLImCvPJFE29x/UuBi+/MWqggGGc515JKaZrjuei2RhULJmy0MsstW3E3htl002bwmBNMKr7w=="
		},
		"content-type": {
			"version": "1.0.4",
			"resolved": "https://registry.npmjs.org/content-type/-/content-type-1.0.4.tgz",
			"integrity": "sha512-hIP3EEPs8tB9AT1L+NUqtwOAps4mk2Zob89MWXMHjHWg9milF/j4osnnQLXBCBFBk/tvIG/tUc9mOUJiPBhPXA=="
		},
		"cookie": {
			"version": "0.3.1",
			"resolved": "https://registry.npmjs.org/cookie/-/cookie-0.3.1.tgz",
			"integrity": "sha1-5+Ch+e9DtMi6klxcWpboBtFoc7s="
		},
		"cookie-parser": {
			"version": "1.4.3",
			"resolved": "https://registry.npmjs.org/cookie-parser/-/cookie-parser-1.4.3.tgz",
			"integrity": "sha1-D+MfoZ0AC5X0qt8fU/3CuKIDuqU=",
			"requires": {
				"cookie": "0.3.1",
				"cookie-signature": "1.0.6"
			}
		},
		"cookie-signature": {
			"version": "1.0.6",
			"resolved": "https://registry.npmjs.org/cookie-signature/-/cookie-signature-1.0.6.tgz",
			"integrity": "sha1-4wOogrNCzD7oylE6eZmXNNqzriw="
		},
		"cors": {
			"version": "2.8.4",
			"resolved": "https://registry.npmjs.org/cors/-/cors-2.8.4.tgz",
			"integrity": "sha1-K9OB8usgECAQXNUOpZ2mMJBpRoY=",
			"requires": {
				"object-assign": "^4",
				"vary": "^1"
			}
		},
		"dasherize": {
			"version": "2.0.0",
			"resolved": "https://registry.npmjs.org/dasherize/-/dasherize-2.0.0.tgz",
			"integrity": "sha1-bYCcnNDPe7iVLYD8hPoT1H3bEwg="
		},
		"debug": {
			"version": "2.6.9",
			"resolved": "https://registry.npmjs.org/debug/-/debug-2.6.9.tgz",
			"integrity": "sha512-bC7ElrdJaJnPbAP+1EotYvqZsb3ecl5wi6Bfi6BJTUcNowp6cvspg0jXznRTKDjm/E7AdgFBVeAPVMNcKGsHMA==",
			"requires": {
				"ms": "2.0.0"
			}
		},
		"depd": {
			"version": "1.1.2",
			"resolved": "https://registry.npmjs.org/depd/-/depd-1.1.2.tgz",
			"integrity": "sha1-m81S4UwJd2PnSbJ0xDRu0uVgtak="
		},
		"dns-prefetch-control": {
			"version": "0.1.0",
			"resolved": "https://registry.npmjs.org/dns-prefetch-control/-/dns-prefetch-control-0.1.0.tgz",
			"integrity": "sha1-YN20V3dOF48flBXwyrsOhbCzALI="
		},
		"dont-sniff-mimetype": {
			"version": "1.0.0",
			"resolved": "https://registry.npmjs.org/dont-sniff-mimetype/-/dont-sniff-mimetype-1.0.0.tgz",
			"integrity": "sha1-WTKJDcn04vGeXrAqIAJuXl78j1g="
		},
		"ee-first": {
			"version": "1.1.1",
			"resolved": "https://registry.npmjs.org/ee-first/-/ee-first-1.1.1.tgz",
			"integrity": "sha1-WQxhFWsK4vTwJVcyoViyZrxWsh0="
		},
		"expect-ct": {
			"version": "0.1.1",
			"resolved": "https://registry.npmjs.org/expect-ct/-/expect-ct-0.1.1.tgz",
			"integrity": "sha512-ngXzTfoRGG7fYens3/RMb6yYoVLvLMfmsSllP/mZPxNHgFq41TmPSLF/nLY7fwoclI2vElvAmILFWGUYqdjfCg=="
		},
		"express-prom-bundle": {
			"version": "3.3.0",
			"resolved": "https://registry.npmjs.org/express-prom-bundle/-/express-prom-bundle-3.3.0.tgz",
			"integrity": "sha512-KCKCQpoZysadJ3xrPl+83F85Piigk7UvYViybpEN4aonWG8YXAFrJFYOdZYUlUAIe/nIJEfE3NZqmLYbtZJF7A==",
			"requires": {
				"on-finished": "^2.3.0",
				"prom-client": "~10.2.2",
				"url-value-parser": "^1.0.0"
			},
			"dependencies": {
				"prom-client": {
					"version": "10.2.3",
					"resolved": "https://registry.npmjs.org/prom-client/-/prom-client-10.2.3.tgz",
					"integrity": "sha512-Xboq5+TdUwuQtSSDRZRNnb5NprINlgQN999VqUjZxnLKydUNLeIPx6Eiahg6oJua3XBg2TGnh5Cth1s4I6+r7g==",
					"requires": {
						"tdigest": "^0.1.1"
					}
				}
			}
		},
		"frameguard": {
			"version": "3.0.0",
			"resolved": "https://registry.npmjs.org/frameguard/-/frameguard-3.0.0.tgz",
			"integrity": "sha1-e8rUae57lukdEs6zlZx4I1qScuk="
		},
		"helmet": {
			"version": "3.12.1",
			"resolved": "https://registry.npmjs.org/helmet/-/helmet-3.12.1.tgz",
			"integrity": "sha512-/CsAcbPIHgiGde395IkHUZyRLW126RJ6AtxFy6Y6bxhd44Qq8cZ5BBFZ0xNUSbcgX57j32Emh3OhWz/0XgAB5Q==",
			"requires": {
				"dns-prefetch-control": "0.1.0",
				"dont-sniff-mimetype": "1.0.0",
				"expect-ct": "0.1.1",
				"frameguard": "3.0.0",
				"helmet-csp": "2.7.0",
				"hide-powered-by": "1.0.0",
				"hpkp": "2.0.0",
				"hsts": "2.1.0",
				"ienoopen": "1.0.0",
				"nocache": "2.0.0",
				"referrer-policy": "1.1.0",
				"x-xss-protection": "1.1.0"
			}
		},
		"helmet-csp": {
			"version": "2.7.0",
			"resolved": "https://registry.npmjs.org/helmet-csp/-/helmet-csp-2.7.0.tgz",
			"integrity": "sha512-IGIAkWnxjRbgMXFA2/kmDqSIrIaSfZ6vhMHlSHw7jm7Gm9nVVXqwJ2B1YEpYrJsLrqY+w2Bbimk7snux9+sZAw==",
			"requires": {
				"camelize": "1.0.0",
				"content-security-policy-builder": "2.0.0",
				"dasherize": "2.0.0",
				"lodash.reduce": "4.6.0",
				"platform": "1.3.5"
			}
		},
		"hide-powered-by": {
			"version": "1.0.0",
			"resolved": "https://registry.npmjs.org/hide-powered-by/-/hide-powered-by-1.0.0.tgz",
			"integrity": "sha1-SoWtZYgfYoV/xwr3F0oRhNzM4ys="
		},
		"hpkp": {
			"version": "2.0.0",
			"resolved": "https://registry.npmjs.org/hpkp/-/hpkp-2.0.0.tgz",
			"integrity": "sha1-EOFCJk52IVpdMMROxD3mTe5tFnI="
		},
		"hsts": {
			"version": "2.1.0",
			"resolved": "https://registry.npmjs.org/hsts/-/hsts-2.1.0.tgz",
			"integrity": "sha512-zXhh/DqgrTXJ7erTN6Fh5k/xjMhDGXCqdYN3wvxUvGUQvnxcFfUd8E+6vLg/nk3ss1TYMb+DhRl25fYABioTvA=="
		},
		"http-errors": {
			"version": "1.6.3",
			"resolved": "https://registry.npmjs.org/http-errors/-/http-errors-1.6.3.tgz",
			"integrity": "sha1-i1VoC7S+KDoLW/TqLjhYC+HZMg0=",
			"requires": {
				"depd": "~1.1.2",
				"inherits": "2.0.3",
				"setprototypeof": "1.1.0",
				"statuses": ">= 1.4.0 < 2"
			}
		},
		"ienoopen": {
			"version": "1.0.0",
			"resolved": "https://registry.npmjs.org/ienoopen/-/ienoopen-1.0.0.tgz",
			"integrity": "sha1-NGpCj0dKrI9QzzeE6i0PFvYr2ms="
		},
		"inherits": {
			"version": "2.0.3",
			"resolved": "https://registry.npmjs.org/inherits/-/inherits-2.0.3.tgz",
			"integrity": "sha1-Yzwsg+PaQqUC9SRmAiSA9CCCYd4="
		},
		"lodash.reduce": {
			"version": "4.6.0",
			"resolved": "https://registry.npmjs.org/lodash.reduce/-/lodash.reduce-4.6.0.tgz",
			"integrity": "sha1-8atrg5KZrUj3hKu/R2WW8DuRTTs="
		},
		"media-typer": {
			"version": "0.3.0",
			"resolved": "https://registry.npmjs.org/media-typer/-/media-typer-0.3.0.tgz",
			"integrity": "sha1-hxDXrwqmJvj/+hzgAWhUUmMlV0g="
		},
		"mime-db": {
			"version": "1.33.0",
			"resolved": "https://registry.npmjs.org/mime-db/-/mime-db-1.33.0.tgz",
			"integrity": "sha512-BHJ/EKruNIqJf/QahvxwQZXKygOQ256myeN/Ew+THcAa5q+PjyTTMMeNQC4DZw5AwfvelsUrA6B67NKMqXDbzQ=="
		},
		"mime-types": {
			"version": "2.1.18",
			"resolved": "https://registry.npmjs.org/mime-types/-/mime-types-2.1.18.tgz",
			"integrity": "sha512-lc/aahn+t4/SWV/qcmumYjymLsWfN3ELhpmVuUFjgsORruuZPVSwAQryq+HHGvO/SI2KVX26bx+En+zhM8g8hQ==",
			"requires": {
				"mime-db": "~1.33.0"
			}
		},
		"morgan": {
			"version": "1.9.0",
			"resolved": "https://registry.npmjs.org/morgan/-/morgan-1.9.0.tgz",
			"integrity": "sha1-0B+mxlhZt2/PMbPLU6OCGjEdgFE=",
			"requires": {
				"basic-auth": "~2.0.0",
				"debug": "2.6.9",
				"depd": "~1.1.1",
				"on-finished": "~2.3.0",
				"on-headers": "~1.0.1"
			}
		},
		"ms": {
			"version": "2.0.0",
			"resolved": "https://registry.npmjs.org/ms/-/ms-2.0.0.tgz",
			"integrity": "sha1-VgiurfwAvmwpAd9fmGF4jeDVl8g="
		},
		"negotiator": {
			"version": "0.6.1",
			"resolved": "https://registry.npmjs.org/negotiator/-/negotiator-0.6.1.tgz",
			"integrity": "sha1-KzJxhOiZIQEXeyhWP7XnECrNDKk="
		},
		"nocache": {
			"version": "2.0.0",
			"resolved": "https://registry.npmjs.org/nocache/-/nocache-2.0.0.tgz",
			"integrity": "sha1-ICtIAhoMTL3i34DeFaF0Q8i0OYA="
		},
		"object-assign": {
			"version": "4.1.1",
			"resolved": "https://registry.npmjs.org/object-assign/-/object-assign-4.1.1.tgz",
			"integrity": "sha1-IQmtx5ZYh8/AXLvUQsrIv7s2CGM="
		},
		"on-finished": {
			"version": "2.3.0",
			"resolved": "https://registry.npmjs.org/on-finished/-/on-finished-2.3.0.tgz",
			"integrity": "sha1-IPEzZIGwg811M3mSoWlxqi2QaUc=",
			"requires": {
				"ee-first": "1.1.1"
			}
		},
		"on-headers": {
			"version": "1.0.1",
			"resolved": "https://registry.npmjs.org/on-headers/-/on-headers-1.0.1.tgz",
			"integrity": "sha1-ko9dD0cNSTQmUepnlLCFfBAGk/c="
		},
		"platform": {
			"version": "1.3.5",
			"resolved": "https://registry.npmjs.org/platform/-/platform-1.3.5.tgz",
			"integrity": "sha512-TuvHS8AOIZNAlE77WUDiR4rySV/VMptyMfcfeoMgs4P8apaZM3JrnbzBiixKUv+XR6i+BXrQh8WAnjaSPFO65Q=="
		},
		"prom-client": {
			"version": "11.0.0",
			"resolved": "https://registry.npmjs.org/prom-client/-/prom-client-11.0.0.tgz",
			"integrity": "sha512-UM4uYDwmA7x9yTq+AZcL4lU/XF11RkbQWbIouFaVMLxdV4qBB5CEmEosQlR1lGvduBuS1IWonHFh1WBtFSoZ3A==",
			"requires": {
				"tdigest": "^0.1.1"
			}
		},
		"raw-body": {
			"version": "2.3.3",
			"resolved": "https://registry.npmjs.org/raw-body/-/raw-body-2.3.3.tgz",
			"integrity": "sha512-9esiElv1BrZoI3rCDuOuKCBRbuApGGaDPQfjSflGxdy4oyzqghxu6klEkkVIvBje+FF0BX9coEv8KqW6X/7njw==",
			"requires": {
				"bytes": "3.0.0",
				"http-errors": "1.6.3",
				"iconv-lite": "0.4.23",
				"unpipe": "1.0.0"
			},
			"dependencies": {
				"iconv-lite": {
					"version": "0.4.23",
					"resolved": "https://registry.npmjs.org/iconv-lite/-/iconv-lite-0.4.23.tgz",
					"integrity": "sha512-neyTUVFtahjf0mB3dZT77u+8O0QB89jFdnBkd5P1JgYPbPaia3gXXOVL2fq8VyU2gMMD7SaN7QukTB/pmXYvDA==",
					"requires": {
						"safer-buffer": ">= 2.1.2 < 3"
					}
				}
			}
		},
		"referrer-policy": {
			"version": "1.1.0",
			"resolved": "https://registry.npmjs.org/referrer-policy/-/referrer-policy-1.1.0.tgz",
			"integrity": "sha1-NXdOtzW/UPtsB46DM0tHI1AgfXk="
		},
		"safe-buffer": {
			"version": "5.1.1",
			"resolved": "https://registry.npmjs.org/safe-buffer/-/safe-buffer-5.1.1.tgz",
			"integrity": "sha512-kKvNJn6Mm93gAczWVJg7wH+wGYWNrDHdWvpUmHyEsgCtIwwo3bqPtV4tR5tuPaUhTOo/kvhVwd8XwwOllGYkbg=="
		},
		"safer-buffer": {
			"version": "2.1.2",
			"resolved": "https://registry.npmjs.org/safer-buffer/-/safer-buffer-2.1.2.tgz",
			"integrity": "sha512-YZo3K82SD7Riyi0E1EQPojLz7kpepnSQI9IyPbHHg1XXXevb5dJI7tpyN2ADxGcQbHG7vcyRHk0cbwqcQriUtg=="
		},
		"setprototypeof": {
			"version": "1.1.0",
			"resolved": "https://registry.npmjs.org/setprototypeof/-/setprototypeof-1.1.0.tgz",
			"integrity": "sha512-BvE/TwpZX4FXExxOxZyRGQQv651MSwmWKZGqvmPcRIjDqWub67kTKuIMx43cZZrS/cBBzwBcNDWoFxt2XEFIpQ=="
		},
		"statuses": {
			"version": "1.4.0",
			"resolved": "https://registry.npmjs.org/statuses/-/statuses-1.4.0.tgz",
			"integrity": "sha512-zhSCtt8v2NDrRlPQpCNtw/heZLtfUDqxBM1udqikb/Hbk52LK4nQSwr10u77iopCW5LsyHpuXS0GnEc48mLeew=="
		},
		"tdigest": {
			"version": "0.1.1",
			"resolved": "https://registry.npmjs.org/tdigest/-/tdigest-0.1.1.tgz",
			"integrity": "sha1-Ljyyw56kSeVdHmzZEReszKRYgCE=",
			"requires": {
				"bintrees": "1.0.1"
			}
		},
		"type-is": {
			"version": "1.6.16",
			"resolved": "https://registry.npmjs.org/type-is/-/type-is-1.6.16.tgz",
			"integrity": "sha512-HRkVv/5qY2G6I8iab9cI7v1bOIdhm94dVjQCPFElW9W+3GeDOSHmy2EBYe4VTApuzolPcmgFTN3ftVJRKR2J9Q==",
			"requires": {
				"media-typer": "0.3.0",
				"mime-types": "~2.1.18"
			}
		},
		"unpipe": {
			"version": "1.0.0",
			"resolved": "https://registry.npmjs.org/unpipe/-/unpipe-1.0.0.tgz",
			"integrity": "sha1-sr9O6FFKrmFltIF4KdIbLvSZBOw="
		},
		"url-value-parser": {
			"version": "1.0.0",
			"resolved": "https://registry.npmjs.org/url-value-parser/-/url-value-parser-1.0.0.tgz",
			"integrity": "sha1-+QmvZi9HrRbk9qUI6leaaVMF8NM="
		},
		"vary": {
			"version": "1.1.2",
			"resolved": "https://registry.npmjs.org/vary/-/vary-1.1.2.tgz",
			"integrity": "sha1-IpnwLG3tMNSllhsLn3RSShj2NPw="
		},
		"x-xss-protection": {
			"version": "1.1.0",
			"resolved": "https://registry.npmjs.org/x-xss-protection/-/x-xss-protection-1.1.0.tgz",
			"integrity": "sha512-rx3GzJlgEeZ08MIcDsU2vY2B1QEriUKJTSiNHHUIem6eg9pzVOr2TL3Y4Pd6TMAM5D5azGjcxqI62piITBDHVg=="
		},
		"zipkin-instrumentation-express": {
			"version": "0.14.0",
			"resolved": "https://registry.npmjs.org/zipkin-instrumentation-express/-/zipkin-instrumentation-express-0.14.0.tgz",
			"integrity": "sha512-MJJimDw+hr3MobDuVDImHpL9XtAoIjzuBCd/kf1ZwxbnDs5XcQdnL3P+LxM60Xutn3qnxXfezyPGZ2EHbYptZA=="
		}
	}
}
