{
  "name": "@mcf/request",
  "version": "1.0.2",
  "lockfileVersion": 1,
  "requires": true,
  "dependencies": {
    "@types/node": {
      "version": "10.5.5",
      "resolved": "https://registry.npmjs.org/@types/node/-/node-10.5.5.tgz",
      "integrity": "sha512-6Qnb1gXbp3g1JX9QVJj3A6ORzc9XCyhokxUKaoonHgNXcQhmk8adhotxfkeK8El9TnFeUuH72yI6jQ5nDJKS6w=="
    },
    "@types/node-fetch": {
      "version": "2.1.2",
      "resolved": "https://registry.npmjs.org/@types/node-fetch/-/node-fetch-2.1.2.tgz",
      "integrity": "sha512-XroxUzLpKuL+CVkQqXlffRkEPi4Gh3Oui/mWyS7ztKiyqVxiU+h3imCW5I2NQmde5jK+3q++36/Q96cyRWsweg==",
      "requires": {
        "@types/node": "*"
      }
    },
    "node-fetch": {
      "version": "2.2.0",
      "resolved": "https://registry.npmjs.org/node-fetch/-/node-fetch-2.2.0.tgz",
      "integrity": "sha512-OayFWziIxiHY8bCUyLX6sTpDH8Jsbp4FfYd1j1f7vZyfgkcOnAyM4oQR16f8a0s7Gl/viMGRey8eScYk4V4EZA=="
    },
    "zipkin-instrumentation-fetch": {
      "version": "0.14.0",
      "resolved": "https://registry.npmjs.org/zipkin-instrumentation-fetch/-/zipkin-instrumentation-fetch-0.14.0.tgz",
      "integrity": "sha512-y1YCCRR5EQkeSI/2me/HgHqgWbzsByRTyUbvzRAMAw8qqaXLFvg9wEe3ulqE+RIFsRcL7Nmwqd012mCacyI0vA=="
    }
  }
}
